
Microsoft Visual Studio Solution File, Format Version 12.00
# Visual Studio Version 16
VisualStudioVersion = 16.0.29920.165
MinimumVisualStudioVersion = 10.0.40219.1
Project("{FAE04EC0-301F-11D3-BF4B-00C04F79EFBC}") = "DotNetDeserializationScanner", "DotNetDeserializationScanner\DotNetDeserializationScanner.csproj", "{46A73F58-398A-48AD-AB15-B1BAB2F65C52}"
EndProject
Global
	GlobalSection(SolutionConfigurationPlatforms) = preSolution
		Debug|Any CPU = Debug|Any CPU
		Release|Any CPU = Release|Any CPU
	EndGlobalSection
	GlobalSection(ProjectConfigurationPlatforms) = postSolution
		{46A73F58-398A-48AD-AB15-B1BAB2F65C52}.Debug|Any CPU.ActiveCfg = Debug|Any CPU
		{46A73F58-398A-48AD-AB15-B1BAB2F65C52}.Debug|Any CPU.Build.0 = Debug|Any CPU
		{46A73F58-398A-48AD-AB15-B1BAB2F65C52}.Release|Any CPU.ActiveCfg = Release|Any CPU
		{46A73F58-398A-48AD-AB15-B1BAB2F65C52}.Release|Any CPU.Build.0 = Release|Any CPU
	EndGlobalSection
	GlobalSection(SolutionProperties) = preSolution
		HideSolutionNode = FALSE
	EndGlobalSection
	GlobalSection(ExtensibilityGlobals) = postSolution
		SolutionGuid = {1FF223A6-789C-43AD-9186-461CFC085C51}
	EndGlobalSection
EndGlobal
